// !$*UTF8*$!
{
	archiveVersion = 1;
	classes = {
	};
	objectVersion = 54;
	objects = {

/* Begin PBXBuildFile section */
		FF4A8BAB231BFDBD00361559 /* AppDelegate.swift in Sources */ = {isa = PBXBuildFile; fileRef = FF4A8BAA231BFDBD00361559 /* AppDelegate.swift */; };
		FF4A8BAD231BFDBD00361559 /* ViewController.swift in Sources */ = {isa = PBXBuildFile; fileRef = FF4A8BAC231BFDBD00361559 /* ViewController.swift */; };
		FF4A8BB0231BFDBD00361559 /* Main.storyboard in Resources */ = {isa = PBXBuildFile; fileRef = FF4A8BAE231BFDBD00361559 /* Main.storyboard */; };
		FF4A8BB2231BFDBE00361559 /* Assets.xcassets in Resources */ = {isa = PBXBuildFile; fileRef = FF4A8BB1231BFDBE00361559 /* Assets.xcassets */; };
		FF4A8BB5231BFDBE00361559 /* LaunchScreen.storyboard in Resources */ = {isa = PBXBuildFile; fileRef = FF4A8BB3231BFDBE00361559 /* LaunchScreen.storyboard */; };
		FF4A8BC0231BFDBE00361559 /* CalculatorForPPITests.swift in Sources */ = {isa = PBXBuildFile; fileRef = FF4A8BBF231BFDBE00361559 /* CalculatorForPPITests.swift */; };
		FF4A8BCB231BFDBF00361559 /* CalculatorForPPIUITests.swift in Sources */ = {isa = PBXBuildFile; fileRef = FF4A8BCA231BFDBF00361559 /* CalculatorForPPIUITests.swift */; };
		FFC76079265959C900A0DF35 /* IQKeyboardManagerSwift.framework in Frameworks */ = {isa = PBXBuildFile; fileRef = FFC760712659265B00A0DF35 /* IQKeyboardManagerSwift.framework */; };
		FFC7607A265959C900A0DF35 /* IQKeyboardManagerSwift.framework in Embed Frameworks */ = {isa = PBXBuildFile; fileRef = FFC760712659265B00A0DF35 /* IQKeyboardManagerSwift.framework */; settings = {ATTRIBUTES = (CodeSignOnCopy, RemoveHeadersOnCopy, ); }; };
/* End PBXBuildFile section */

/* Begin PBXContainerItemProxy section */
		FF4A8BBC231BFDBE00361559 /* PBXContainerItemProxy */ = {
			isa = PBXContainerItemProxy;
			containerPortal = FF4A8B9F231BFDBD00361559 /* Project object */;
			proxyType = 1;
			remoteGlobalIDString = FF4A8BA6231BFDBD00361559;
			remoteInfo = CalculatorForPPI;
		};
		FF4A8BC7231BFDBE00361559 /* PBXContainerItemProxy */ = {
			isa = PBXContainerItemProxy;
			containerPortal = FF4A8B9F231BFDBD00361559 /* Project object */;
			proxyType = 1;
			remoteGlobalIDString = FF4A8BA6231BFDBD00361559;
			remoteInfo = CalculatorForPPI;
		};
/* End PBXContainerItemProxy section */

/* Begin PBXCopyFilesBuildPhase section */
		FFC7607B265959C900A0DF35 /* Embed Frameworks */ = {
			isa = PBXCopyFilesBuildPhase;
			buildActionMask = 2147483647;
			dstPath = "";
			dstSubfolderSpec = 10;
			files = (
				FFC7607A265959C900A0DF35 /* IQKeyboardManagerSwift.framework in Embed Frameworks */,
			);
			name = "Embed Frameworks";
			runOnlyForDeploymentPostprocessing = 0;
		};
/* End PBXCopyFilesBuildPhase section */

/* Begin PBXFileReference section */
		FF4A8BA7231BFDBD00361559 /* CalculatorForPPI.app */ = {isa = PBXFileReference; explicitFileType = wrapper.application; includeInIndex = 0; path = CalculatorForPPI.app; sourceTree = BUILT_PRODUCTS_DIR; };
		FF4A8BAA231BFDBD00361559 /* AppDelegate.swift */ = {isa = PBXFileReference; lastKnownFileType = sourcecode.swift; path = AppDelegate.swift; sourceTree = "<group>"; };
		FF4A8BAC231BFDBD00361559 /* ViewController.swift */ = {isa = PBXFileReference; lastKnownFileType = sourcecode.swift; path = ViewController.swift; sourceTree = "<group>"; };
		FF4A8BAF231BFDBD00361559 /* Base */ = {isa = PBXFileReference; lastKnownFileType = file.storyboard; name = Base; path = Base.lproj/Main.storyboard; sourceTree = "<group>"; };
		FF4A8BB1231BFDBE00361559 /* Assets.xcassets */ = {isa = PBXFileReference; lastKnownFileType = folder.assetcatalog; path = Assets.xcassets; sourceTree = "<group>"; };
		FF4A8BB4231BFDBE00361559 /* Base */ = {isa = PBXFileReference; lastKnownFileType = file.storyboard; name = Base; path = Base.lproj/LaunchScreen.storyboard; sourceTree = "<group>"; };
		FF4A8BB6231BFDBE00361559 /* Info.plist */ = {isa = PBXFileReference; lastKnownFileType = text.plist.xml; path = Info.plist; sourceTree = "<group>"; };
		FF4A8BBB231BFDBE00361559 /* CalculatorForPPITests.xctest */ = {isa = PBXFileReference; explicitFileType = wrapper.cfbundle; includeInIndex = 0; path = CalculatorForPPITests.xctest; sourceTree = BUILT_PRODUCTS_DIR; };
		FF4A8BBF231BFDBE00361559 /* CalculatorForPPITests.swift */ = {isa = PBXFileReference; lastKnownFileType = sourcecode.swift; path = CalculatorForPPITests.swift; sourceTree = "<group>"; };
		FF4A8BC1231BFDBE00361559 /* Info.plist */ = {isa = PBXFileReference; lastKnownFileType = text.plist.xml; path = Info.plist; sourceTree = "<group>"; };
		FF4A8BC6231BFDBE00361559 /* CalculatorForPPIUITests.xctest */ = {isa = PBXFileReference; explicitFileType = wrapper.cfbundle; includeInIndex = 0; path = CalculatorForPPIUITests.xctest; sourceTree = BUILT_PRODUCTS_DIR; };
		FF4A8BCA231BFDBF00361559 /* CalculatorForPPIUITests.swift */ = {isa = PBXFileReference; lastKnownFileType = sourcecode.swift; path = CalculatorForPPIUITests.swift; sourceTree = "<group>"; };
		FF4A8BCC231BFDBF00361559 /* Info.plist */ = {isa = PBXFileReference; lastKnownFileType = text.plist.xml; path = Info.plist; sourceTree = "<group>"; };
		FFC760712659265B00A0DF35 /* IQKeyboardManagerSwift.framework */ = {isa = PBXFileReference; lastKnownFileType = wrapper.framework; name = IQKeyboardManagerSwift.framework; path = Carthage/Build/iOS/IQKeyboardManagerSwift.framework; sourceTree = "<group>"; };
/* End PBXFileReference section */

/* Begin PBXFrameworksBuildPhase section */
		FF4A8BA4231BFDBD00361559 /* Frameworks */ = {
			isa = PBXFrameworksBuildPhase;
			buildActionMask = 2147483647;
			files = (
				FFC76079265959C900A0DF35 /* IQKeyboardManagerSwift.framework in Frameworks */,
			);
			runOnlyForDeploymentPostprocessing = 0;
		};
		FF4A8BB8231BFDBE00361559 /* Frameworks */ = {
			isa = PBXFrameworksBuildPhase;
			buildActionMask = 2147483647;
			files = (
			);
			runOnlyForDeploymentPostprocessing = 0;
		};
		FF4A8BC3231BFDBE00361559 /* Frameworks */ = {
			isa = PBXFrameworksBuildPhase;
			buildActionMask = 2147483647;
			files = (
			);
			runOnlyForDeploymentPostprocessing = 0;
		};
/* End PBXFrameworksBuildPhase section */

/* Begin PBXGroup section */
		FF4A8B9E231BFDBD00361559 = {
			isa = PBXGroup;
			children = (
				FF4A8BA9231BFDBD00361559 /* CalculatorForPPI */,
				FF4A8BBE231BFDBE00361559 /* CalculatorForPPITests */,
				FF4A8BC9231BFDBF00361559 /* CalculatorForPPIUITests */,
				FF4A8BA8231BFDBD00361559 /* Products */,
				FFF414F72557FB60004F1379 /* Frameworks */,
			);
			sourceTree = "<group>";
		};
		FF4A8BA8231BFDBD00361559 /* Products */ = {
			isa = PBXGroup;
			children = (
				FF4A8BA7231BFDBD00361559 /* CalculatorForPPI.app */,
				FF4A8BBB231BFDBE00361559 /* CalculatorForPPITests.xctest */,
				FF4A8BC6231BFDBE00361559 /* CalculatorForPPIUITests.xctest */,
			);
			name = Products;
			sourceTree = "<group>";
		};
		FF4A8BA9231BFDBD00361559 /* CalculatorForPPI */ = {
			isa = PBXGroup;
			children = (
				FF4A8BAA231BFDBD00361559 /* AppDelegate.swift */,
				FF4A8BAC231BFDBD00361559 /* ViewController.swift */,
				FF4A8BAE231BFDBD00361559 /* Main.storyboard */,
				FF4A8BB1231BFDBE00361559 /* Assets.xcassets */,
				FF4A8BB3231BFDBE00361559 /* LaunchScreen.storyboard */,
				FF4A8BB6231BFDBE00361559 /* Info.plist */,
			);
			path = CalculatorForPPI;
			sourceTree = "<group>";
		};
		FF4A8BBE231BFDBE00361559 /* CalculatorForPPITests */ = {
			isa = PBXGroup;
			children = (
				FF4A8BBF231BFDBE00361559 /* CalculatorForPPITests.swift */,
				FF4A8BC1231BFDBE00361559 /* Info.plist */,
			);
			path = CalculatorForPPITests;
			sourceTree = "<group>";
		};
		FF4A8BC9231BFDBF00361559 /* CalculatorForPPIUITests */ = {
			isa = PBXGroup;
			children = (
				FF4A8BCA231BFDBF00361559 /* CalculatorForPPIUITests.swift */,
				FF4A8BCC231BFDBF00361559 /* Info.plist */,
			);
			path = CalculatorForPPIUITests;
			sourceTree = "<group>";
		};
		FFF414F72557FB60004F1379 /* Frameworks */ = {
			isa = PBXGroup;
			children = (
				FFC760712659265B00A0DF35 /* IQKeyboardManagerSwift.framework */,
			);
			name = Frameworks;
			sourceTree = "<group>";
		};
/* End PBXGroup section */

/* Begin PBXNativeTarget section */
		FF4A8BA6231BFDBD00361559 /* CalculatorForPPI */ = {
			isa = PBXNativeTarget;
			buildConfigurationList = FF4A8BCF231BFDBF00361559 /* Build configuration list for PBXNativeTarget "CalculatorForPPI" */;
			buildPhases = (
				FF4A8BA3231BFDBD00361559 /* Sources */,
				FF4A8BA4231BFDBD00361559 /* Frameworks */,
				FF4A8BA5231BFDBD00361559 /* Resources */,
				FFC7607B265959C900A0DF35 /* Embed Frameworks */,
			);
			buildRules = (
			);
			dependencies = (
			);
			name = CalculatorForPPI;
			productName = CalculatorForPPI;
			productReference = FF4A8BA7231BFDBD00361559 /* CalculatorForPPI.app */;
			productType = "com.apple.product-type.application";
		};
		FF4A8BBA231BFDBE00361559 /* CalculatorForPPITests */ = {
			isa = PBXNativeTarget;
			buildConfigurationList = FF4A8BD2231BFDBF00361559 /* Build configuration list for PBXNativeTarget "CalculatorForPPITests" */;
			buildPhases = (
				FF4A8BB7231BFDBE00361559 /* Sources */,
				FF4A8BB8231BFDBE00361559 /* Frameworks */,
				FF4A8BB9231BFDBE00361559 /* Resources */,
			);
			buildRules = (
			);
			dependencies = (
				FF4A8BBD231BFDBE00361559 /* PBXTargetDependency */,
			);
			name = CalculatorForPPITests;
			productName = CalculatorForPPITests;
			productReference = FF4A8BBB231BFDBE00361559 /* CalculatorForPPITests.xctest */;
			productType = "com.apple.product-type.bundle.unit-test";
		};
		FF4A8BC5231BFDBE00361559 /* CalculatorForPPIUITests */ = {
			isa = PBXNativeTarget;
			buildConfigurationList = FF4A8BD5231BFDBF00361559 /* Build configuration list for PBXNativeTarget "CalculatorForPPIUITests" */;
			buildPhases = (
				FF4A8BC2231BFDBE00361559 /* Sources */,
				FF4A8BC3231BFDBE00361559 /* Frameworks */,
				FF4A8BC4231BFDBE00361559 /* Resources */,
			);
			buildRules = (
			);
			dependencies = (
				FF4A8BC8231BFDBE00361559 /* PBXTargetDependency */,
			);
			name = CalculatorForPPIUITests;
			productName = CalculatorForPPIUITests;
			productReference = FF4A8BC6231BFDBE00361559 /* CalculatorForPPIUITests.xctest */;
			productType = "com.apple.product-type.bundle.ui-testing";
		};
/* End PBXNativeTarget section */

/* Begin PBXProject section */
		FF4A8B9F231BFDBD00361559 /* Project object */ = {
			isa = PBXProject;
			attributes = {
				LastSwiftUpdateCheck = 1030;
				LastUpgradeCheck = 1250;
				ORGANIZATIONNAME = "卢家涛";
				TargetAttributes = {
					FF4A8BA6231BFDBD00361559 = {
						CreatedOnToolsVersion = 10.3;
					};
					FF4A8BBA231BFDBE00361559 = {
						CreatedOnToolsVersion = 10.3;
						TestTargetID = FF4A8BA6231BFDBD00361559;
					};
					FF4A8BC5231BFDBE00361559 = {
						CreatedOnToolsVersion = 10.3;
						TestTargetID = FF4A8BA6231BFDBD00361559;
					};
				};
			};
			buildConfigurationList = FF4A8BA2231BFDBD00361559 /* Build configuration list for PBXProject "CalculatorForPPI" */;
			compatibilityVersion = "Xcode 12.0";
			developmentRegion = en;
			hasScannedForEncodings = 0;
			knownRegions = (
				en,
				Base,
			);
			mainGroup = FF4A8B9E231BFDBD00361559;
			productRefGroup = FF4A8BA8231BFDBD00361559 /* Products */;
			projectDirPath = "";
			projectRoot = "";
			targets = (
				FF4A8BA6231BFDBD00361559 /* CalculatorForPPI */,
				FF4A8BBA231BFDBE00361559 /* CalculatorForPPITests */,
				FF4A8BC5231BFDBE00361559 /* CalculatorForPPIUITests */,
			);
		};
/* End PBXProject section */

/* Begin PBXResourcesBuildPhase section */
		FF4A8BA5231BFDBD00361559 /* Resources */ = {
			isa = PBXResourcesBuildPhase;
			buildActionMask = 2147483647;
			files = (
				FF4A8BB5231BFDBE00361559 /* LaunchScreen.storyboard in Resources */,
				FF4A8BB2231BFDBE00361559 /* Assets.xcassets in Resources */,
				FF4A8BB0231BFDBD00361559 /* Main.storyboard in Resources */,
			);
			runOnlyForDeploymentPostprocessing = 0;
		};
		FF4A8BB9231BFDBE00361559 /* Resources */ = {
			isa = PBXResourcesBuildPhase;
			buildActionMask = 2147483647;
			files = (
			);
			runOnlyForDeploymentPostprocessing = 0;
		};
		FF4A8BC4231BFDBE00361559 /* Resources */ = {
			isa = PBXResourcesBuildPhase;
			buildActionMask = 2147483647;
			files = (
			);
			runOnlyForDeploymentPostprocessing = 0;
		};
/* End PBXResourcesBuildPhase section */

/* Begin PBXSourcesBuildPhase section */
		FF4A8BA3231BFDBD00361559 /* Sources */ = {
			isa = PBXSourcesBuildPhase;
			buildActionMask = 2147483647;
			files = (
				FF4A8BAD231BFDBD00361559 /* ViewController.swift in Sources */,
				FF4A8BAB231BFDBD00361559 /* AppDelegate.swift in Sources */,
			);
			runOnlyForDeploymentPostprocessing = 0;
		};
		FF4A8BB7231BFDBE00361559 /* Sources */ = {
			isa = PBXSourcesBuildPhase;
			buildActionMask = 2147483647;
			files = (
				FF4A8BC0231BFDBE00361559 /* CalculatorForPPITests.swift in Sources */,
			);
			runOnlyForDeploymentPostprocessing = 0;
		};
		FF4A8BC2231BFDBE00361559 /* Sources */ = {
			isa = PBXSourcesBuildPhase;
			buildActionMask = 2147483647;
			files = (
				FF4A8BCB231BFDBF00361559 /* CalculatorForPPIUITests.swift in Sources */,
			);
			runOnlyForDeploymentPostprocessing = 0;
		};
/* End PBXSourcesBuildPhase section */

/* Begin PBXTargetDependency section */
		FF4A8BBD231BFDBE00361559 /* PBXTargetDependency */ = {
			isa = PBXTargetDependency;
			target = FF4A8BA6231BFDBD00361559 /* CalculatorForPPI */;
			targetProxy = FF4A8BBC231BFDBE00361559 /* PBXContainerItemProxy */;
		};
		FF4A8BC8231BFDBE00361559 /* PBXTargetDependency */ = {
			isa = PBXTargetDependency;
			target = FF4A8BA6231BFDBD00361559 /* CalculatorForPPI */;
			targetProxy = FF4A8BC7231BFDBE00361559 /* PBXContainerItemProxy */;
		};
/* End PBXTargetDependency section */

/* Begin PBXVariantGroup section */
		FF4A8BAE231BFDBD00361559 /* Main.storyboard */ = {
			isa = PBXVariantGroup;
			children = (
				FF4A8BAF231BFDBD00361559 /* Base */,
			);
			name = Main.storyboard;
			sourceTree = "<group>";
		};
		FF4A8BB3231BFDBE00361559 /* LaunchScreen.storyboard */ = {
			isa = PBXVariantGroup;
			children = (
				FF4A8BB4231BFDBE00361559 /* Base */,
			);
			name = LaunchScreen.storyboard;
			sourceTree = "<group>";
		};
/* End PBXVariantGroup section */

/* Begin XCBuildConfiguration section */
		FF4A8BCD231BFDBF00361559 /* Debug */ = {
			isa = XCBuildConfiguration;
			buildSettings = {
				ALWAYS_SEARCH_USER_PATHS = NO;
				CLANG_ANALYZER_NONNULL = YES;
				CLANG_ANALYZER_NUMBER_OBJECT_CONVERSION = YES_AGGRESSIVE;
				CLANG_CXX_LANGUAGE_STANDARD = "gnu++14";
				CLANG_CXX_LIBRARY = "libc++";
				CLANG_ENABLE_MODULES = YES;
				CLANG_ENABLE_OBJC_ARC = YES;
				CLANG_ENABLE_OBJC_WEAK = YES;
				CLANG_WARN_BLOCK_CAPTURE_AUTORELEASING = YES;
				CLANG_WARN_BOOL_CONVERSION = YES;
				CLANG_WARN_COMMA = YES;
				CLANG_WARN_CONSTANT_CONVERSION = YES;
				CLANG_WARN_DEPRECATED_OBJC_IMPLEMENTATIONS = YES;
				CLANG_WARN_DIRECT_OBJC_ISA_USAGE = YES_ERROR;
				CLANG_WARN_DOCUMENTATION_COMMENTS = YES;
				CLANG_WARN_EMPTY_BODY = YES;
				CLANG_WARN_ENUM_CONVERSION = YES;
				CLANG_WARN_INFINITE_RECURSION = YES;
				CLANG_WARN_INT_CONVERSION = YES;
				CLANG_WARN_NON_LITERAL_NULL_CONVERSION = YES;
				CLANG_WARN_OBJC_IMPLICIT_RETAIN_SELF = YES;
				CLANG_WARN_OBJC_LITERAL_CONVERSION = YES;
				CLANG_WARN_OBJC_ROOT_CLASS = YES_ERROR;
				CLANG_WARN_QUOTED_INCLUDE_IN_FRAMEWORK_HEADER = YES;
				CLANG_WARN_RANGE_LOOP_ANALYSIS = YES;
				CLANG_WARN_STRICT_PROTOTYPES = YES;
				CLANG_WARN_SUSPICIOUS_MOVE = YES;
				CLANG_WARN_UNGUARDED_AVAILABILITY = YES_AGGRESSIVE;
				CLANG_WARN_UNREACHABLE_CODE = YES;
				CLANG_WARN__DUPLICATE_METHOD_MATCH = YES;
				CODE_SIGN_IDENTITY = "iPhone Developer";
				COPY_PHASE_STRIP = NO;
				DEBUG_INFORMATION_FORMAT = dwarf;
				ENABLE_STRICT_OBJC_MSGSEND = YES;
				ENABLE_TESTABILITY = YES;
				GCC_C_LANGUAGE_STANDARD = gnu11;
				GCC_DYNAMIC_NO_PIC = NO;
				GCC_NO_COMMON_BLOCKS = YES;
				GCC_OPTIMIZATION_LEVEL = 0;
				GCC_PREPROCESSOR_DEFINITIONS = (
					"DEBUG=1",
					"$(inherited)",
				);
				GCC_WARN_64_TO_32_BIT_CONVERSION = YES;
				GCC_WARN_ABOUT_RETURN_TYPE = YES_ERROR;
				GCC_WARN_UNDECLARED_SELECTOR = YES;
				GCC_WARN_UNINITIALIZED_AUTOS = YES_AGGRESSIVE;
				GCC_WARN_UNUSED_FUNCTION = YES;
				GCC_WARN_UNUSED_VARIABLE = YES;
				IPHONEOS_DEPLOYMENT_TARGET = 14.5;
				MTL_ENABLE_DEBUG_INFO = INCLUDE_SOURCE;
				MTL_FAST_MATH = YES;
				ONLY_ACTIVE_ARCH = YES;
				SDKROOT = iphoneos;
				SWIFT_ACTIVE_COMPILATION_CONDITIONS = DEBUG;
				SWIFT_OPTIMIZATION_LEVEL = "-Onone";
			};
			name = Debug;
		};
		FF4A8BCE231BFDBF00361559 /* Release */ = {
			isa = XCBuildConfiguration;
			buildSettings = {
				ALWAYS_SEARCH_USER_PATHS = NO;
				CLANG_ANALYZER_NONNULL = YES;
				CLANG_ANALYZER_NUMBER_OBJECT_CONVERSION = YES_AGGRESSIVE;
				CLANG_CXX_LANGUAGE_STANDARD = "gnu++14";
				CLANG_CXX_LIBRARY = "libc++";
				CLANG_ENABLE_MODULES = YES;
				CLANG_ENABLE_OBJC_ARC = YES;
				CLANG_ENABLE_OBJC_WEAK = YES;
				CLANG_WARN_BLOCK_CAPTURE_AUTORELEASING = YES;
				CLANG_WARN_BOOL_CONVERSION = YES;
				CLANG_WARN_COMMA = YES;
				CLANG_WARN_CONSTANT_CONVERSION = YES;
				CLANG_WARN_DEPRECATED_OBJC_IMPLEMENTATIONS = YES;
				CLANG_WARN_DIRECT_OBJC_ISA_USAGE = YES_ERROR;
				CLANG_WARN_DOCUMENTATION_COMMENTS = YES;
				CLANG_WARN_EMPTY_BODY = YES;
				CLANG_WARN_ENUM_CONVERSION = YES;
				CLANG_WARN_INFINITE_RECURSION = YES;
				CLANG_WARN_INT_CONVERSION = YES;
				CLANG_WARN_NON_LITERAL_NULL_CONVERSION = YES;
				CLANG_WARN_OBJC_IMPLICIT_RETAIN_SELF = YES;
				CLANG_WARN_OBJC_LITERAL_CONVERSION = YES;
				CLANG_WARN_OBJC_ROOT_CLASS = YES_ERROR;
				CLANG_WARN_QUOTED_INCLUDE_IN_FRAMEWORK_HEADER = YES;
				CLANG_WARN_RANGE_LOOP_ANALYSIS = YES;
				CLANG_WARN_STRICT_PROTOTYPES = YES;
				CLANG_WARN_SUSPICIOUS_MOVE = YES;
				CLANG_WARN_UNGUARDED_AVAILABILITY = YES_AGGRESSIVE;
				CLANG_WARN_UNREACHABLE_CODE = YES;
				CLANG_WARN__DUPLICATE_METHOD_MATCH = YES;
				CODE_SIGN_IDENTITY = "iPhone Developer";
				COPY_PHASE_STRIP = NO;
				DEBUG_INFORMATION_FORMAT = "dwarf-with-dsym";
				ENABLE_NS_ASSERTIONS = NO;
				ENABLE_STRICT_OBJC_MSGSEND = YES;
				GCC_C_LANGUAGE_STANDARD = gnu11;
				GCC_NO_COMMON_BLOCKS = YES;
				GCC_WARN_64_TO_32_BIT_CONVERSION = YES;
				GCC_WARN_ABOUT_RETURN_TYPE = YES_ERROR;
				GCC_WARN_UNDECLARED_SELECTOR = YES;
				GCC_WARN_UNINITIALIZED_AUTOS = YES_AGGRESSIVE;
				GCC_WARN_UNUSED_FUNCTION = YES;
				GCC_WARN_UNUSED_VARIABLE = YES;
				IPHONEOS_DEPLOYMENT_TARGET = 14.5;
				MTL_ENABLE_DEBUG_INFO = NO;
				MTL_FAST_MATH = YES;
				SDKROOT = iphoneos;
				SWIFT_COMPILATION_MODE = wholemodule;
				SWIFT_OPTIMIZATION_LEVEL = "-O";
				VALIDATE_PRODUCT = YES;
			};
			name = Release;
		};
		FF4A8BD0231BFDBF00361559 /* Debug */ = {
			isa = XCBuildConfiguration;
			buildSettings = {
				ASSETCATALOG_COMPILER_APPICON_NAME = AppIcon;
				CODE_SIGN_STYLE = Automatic;
				DEVELOPMENT_TEAM = EW4J8778W5;
				FRAMEWORK_SEARCH_PATHS = (
					"$(inherited)",
					"$(PROJECT_DIR)/Carthage/Build/iOS",
				);
				INFOPLIST_FILE = CalculatorForPPI/Info.plist;
				LD_RUNPATH_SEARCH_PATHS = (
					"$(inherited)",
					"@executable_path/Frameworks",
				);
				PRODUCT_BUNDLE_IDENTIFIER = com.lujiatao.CalculatorForPPI;
				PRODUCT_NAME = "$(TARGET_NAME)";
				SWIFT_VERSION = 5.0;
				TARGETED_DEVICE_FAMILY = "1,2";
			};
			name = Debug;
		};
		FF4A8BD1231BFDBF00361559 /* Release */ = {
			isa = XCBuildConfiguration;
			buildSettings = {
				ASSETCATALOG_COMPILER_APPICON_NAME = AppIcon;
				CODE_SIGN_STYLE = Automatic;
				DEVELOPMENT_TEAM = EW4J8778W5;
				FRAMEWORK_SEARCH_PATHS = (
					"$(inherited)",
					"$(PROJECT_DIR)/Carthage/Build/iOS",
				);
				INFOPLIST_FILE = CalculatorForPPI/Info.plist;
				LD_RUNPATH_SEARCH_PATHS = (
					"$(inherited)",
					"@executable_path/Frameworks",
				);
				PRODUCT_BUNDLE_IDENTIFIER = com.lujiatao.CalculatorForPPI;
				PRODUCT_NAME = "$(TARGET_NAME)";
				SWIFT_VERSION = 5.0;
				TARGETED_DEVICE_FAMILY = "1,2";
			};
			name = Release;
		};
		FF4A8BD3231BFDBF00361559 /* Debug */ = {
			isa = XCBuildConfiguration;
			buildSettings = {
				ALWAYS_EMBED_SWIFT_STANDARD_LIBRARIES = YES;
				BUNDLE_LOADER = "$(TEST_HOST)";
				CODE_SIGN_STYLE = Automatic;
				DEVELOPMENT_TEAM = EW4J8778W5;
				INFOPLIST_FILE = CalculatorForPPITests/Info.plist;
				LD_RUNPATH_SEARCH_PATHS = (
					"$(inherited)",
					"@executable_path/Frameworks",
					"@loader_path/Frameworks",
				);
				PRODUCT_BUNDLE_IDENTIFIER = com.lujiatao.CalculatorForPPITests;
				PRODUCT_NAME = "$(TARGET_NAME)";
				SWIFT_VERSION = 5.0;
				TARGETED_DEVICE_FAMILY = "1,2";
				TEST_HOST = "$(BUILT_PRODUCTS_DIR)/CalculatorForPPI.app/CalculatorForPPI";
			};
			name = Debug;
		};
		FF4A8BD4231BFDBF00361559 /* Release */ = {
			isa = XCBuildConfiguration;
			buildSettings = {
				ALWAYS_EMBED_SWIFT_STANDARD_LIBRARIES = YES;
				BUNDLE_LOADER = "$(TEST_HOST)";
				CODE_SIGN_STYLE = Automatic;
				DEVELOPMENT_TEAM = EW4J8778W5;
				INFOPLIST_FILE = CalculatorForPPITests/Info.plist;
				LD_RUNPATH_SEARCH_PATHS = (
					"$(inherited)",
					"@executable_path/Frameworks",
					"@loader_path/Frameworks",
				);
				PRODUCT_BUNDLE_IDENTIFIER = com.lujiatao.CalculatorForPPITests;
				PRODUCT_NAME = "$(TARGET_NAME)";
				SWIFT_VERSION = 5.0;
				TARGETED_DEVICE_FAMILY = "1,2";
				TEST_HOST = "$(BUILT_PRODUCTS_DIR)/CalculatorForPPI.app/CalculatorForPPI";
			};
			name = Release;
		};
		FF4A8BD6231BFDBF00361559 /* Debug */ = {
			isa = XCBuildConfiguration;
			buildSettings = {
				ALWAYS_EMBED_SWIFT_STANDARD_LIBRARIES = YES;
				CODE_SIGN_STYLE = Automatic;
				DEVELOPMENT_TEAM = EW4J8778W5;
				INFOPLIST_FILE = CalculatorForPPIUITests/Info.plist;
				LD_RUNPATH_SEARCH_PATHS = (
					"$(inherited)",
					"@executable_path/Frameworks",
					"@loader_path/Frameworks",
				);
				PRODUCT_BUNDLE_IDENTIFIER = com.lujiatao.CalculatorForPPIUITests;
				PRODUCT_NAME = "$(TARGET_NAME)";
				SWIFT_VERSION = 5.0;
				TARGETED_DEVICE_FAMILY = "1,2";
				TEST_TARGET_NAME = CalculatorForPPI;
			};
			name = Debug;
		};
		FF4A8BD7231BFDBF00361559 /* Release */ = {
			isa = XCBuildConfiguration;
			buildSettings = {
				ALWAYS_EMBED_SWIFT_STANDARD_LIBRARIES = YES;
				CODE_SIGN_STYLE = Automatic;
				DEVELOPMENT_TEAM = EW4J8778W5;
				INFOPLIST_FILE = CalculatorForPPIUITests/Info.plist;
				LD_RUNPATH_SEARCH_PATHS = (
					"$(inherited)",
					"@executable_path/Frameworks",
					"@loader_path/Frameworks",
				);
				PRODUCT_BUNDLE_IDENTIFIER = com.lujiatao.CalculatorForPPIUITests;
				PRODUCT_NAME = "$(TARGET_NAME)";
				SWIFT_VERSION = 5.0;
				TARGETED_DEVICE_FAMILY = "1,2";
				TEST_TARGET_NAME = CalculatorForPPI;
			};
			name = Release;
		};
/* End XCBuildConfiguration section */

/* Begin XCConfigurationList section */
		FF4A8BA2231BFDBD00361559 /* Build configuration list for PBXProject "CalculatorForPPI" */ = {
			isa = XCConfigurationList;
			buildConfigurations = (
				FF4A8BCD231BFDBF00361559 /* Debug */,
				FF4A8BCE231BFDBF00361559 /* Release */,
			);
			defaultConfigurationIsVisible = 0;
			defaultConfigurationName = Release;
		};
		FF4A8BCF231BFDBF00361559 /* Build configuration list for PBXNativeTarget "CalculatorForPPI" */ = {
			isa = XCConfigurationList;
			buildConfigurations = (
				FF4A8BD0231BFDBF00361559 /* Debug */,
				FF4A8BD1231BFDBF00361559 /* Release */,
			);
			defaultConfigurationIsVisible = 0;
			defaultConfigurationName = Release;
		};
		FF4A8BD2231BFDBF00361559 /* Build configuration list for PBXNativeTarget "CalculatorForPPITests" */ = {
			isa = XCConfigurationList;
			buildConfigurations = (
				FF4A8BD3231BFDBF00361559 /* Debug */,
				FF4A8BD4231BFDBF00361559 /* Release */,
			);
			defaultConfigurationIsVisible = 0;
			defaultConfigurationName = Release;
		};
		FF4A8BD5231BFDBF00361559 /* Build configuration list for PBXNativeTarget "CalculatorForPPIUITests" */ = {
			isa = XCConfigurationList;
			buildConfigurations = (
				FF4A8BD6231BFDBF00361559 /* Debug */,
				FF4A8BD7231BFDBF00361559 /* Release */,
			);
			defaultConfigurationIsVisible = 0;
			defaultConfigurationName = Release;
		};
/* End XCConfigurationList section */
	};
	rootObject = FF4A8B9F231BFDBD00361559 /* Project object */;
}
